
Microsoft Visual Studio Solution File, Format Version 11.00
# Visual Studio 2010
Project("{FAE04EC0-301F-11D3-BF4B-00C04F79EFBC}") = "Cinema booking", "Dictionar roman francez\Cinema booking.csproj", "{B615ECE6-24E0-462A-AB66-ECC0A38DF3DE}"
EndProject
Global
	GlobalSection(SolutionConfigurationPlatforms) = preSolution
		Debug|x86 = Debug|x86
		Release|x86 = Release|x86
	EndGlobalSection
	GlobalSection(ProjectConfigurationPlatforms) = postSolution
		{B615ECE6-24E0-462A-AB66-ECC0A38DF3DE}.Debug|x86.ActiveCfg = Debug|x86
		{B615ECE6-24E0-462A-AB66-ECC0A38DF3DE}.Debug|x86.Build.0 = Debug|x86
		{B615ECE6-24E0-462A-AB66-ECC0A38DF3DE}.Release|x86.ActiveCfg = Release|x86
		{B615ECE6-24E0-462A-AB66-ECC0A38DF3DE}.Release|x86.Build.0 = Release|x86
	EndGlobalSection
	GlobalSection(SolutionProperties) = preSolution
		HideSolutionNode = FALSE
	EndGlobalSection
EndGlobal
